{
  "version": 4,
  "terraform_version": "0.12.7",
  "serial": 78,
  "lineage": "139c57ae-70d2-9aee-f1ac-edd234b1b557",
  "outputs": {},
  "resources": [
    {
      "mode": "managed",
      "type": "ansible_group",
      "name": "all",
      "provider": "provider.ansible",
      "instances": [
        {
          "schema_version": 0,
          "attributes": {
            "children": null,
            "id": "all",
            "inventory_group_name": "all",
            "variable_priority": 50,
            "vars": null
          }
        }
      ]
    },
    {
      "mode": "managed",
      "type": "ansible_host",
      "name": "ansible_appservers",
      "each": "list",
      "provider": "provider.ansible",
      "instances": [
        {
          "index_key": 0,
          "schema_version": 0,
          "attributes": {
            "groups": [
              "appservers"
            ],
            "id": "balancer0",
            "inventory_hostname": "balancer0",
            "variable_priority": 50,
            "vars": {
              "ansible_host": "104.248.194.100"
            }
          },
          "depends_on": [
            "digitalocean_droplet.appservers"
          ]
        },
        {
          "index_key": 1,
          "schema_version": 0,
          "attributes": {
            "groups": [
              "appservers"
            ],
            "id": "balancer1",
            "inventory_hostname": "balancer1",
            "variable_priority": 50,
            "vars": {
              "ansible_host": "104.248.204.222"
            }
          },
          "depends_on": [
            "digitalocean_droplet.appservers"
          ]
        }
      ]
    },
    {
      "mode": "managed",
      "type": "ansible_host",
      "name": "ansible_awxnodes",
      "each": "list",
      "provider": "provider.ansible",
      "instances": [
        {
          "index_key": 0,
          "schema_version": 0,
          "attributes": {
            "groups": [
              "appservers"
            ],
            "id": "awx0",
            "inventory_hostname": "awx0",
            "variable_priority": 50,
            "vars": {
              "ansible_host": "104.248.204.202"
            }
          },
          "depends_on": [
            "digitalocean_droplet.awxnodes"
          ]
        }
      ]
    },
    {
      "mode": "managed",
      "type": "ansible_host",
      "name": "ansible_balancers",
      "each": "list",
      "provider": "provider.ansible",
      "instances": [
        {
          "index_key": 0,
          "schema_version": 0,
          "attributes": {
            "groups": [
              "balancers"
            ],
            "id": "appserver0",
            "inventory_hostname": "appserver0",
            "variable_priority": 50,
            "vars": {
              "ansible_host": "104.248.202.47"
            }
          },
          "depends_on": [
            "digitalocean_droplet.balancers"
          ]
        }
      ]
    },
    {
      "mode": "managed",
      "type": "digitalocean_droplet",
      "name": "appservers",
      "each": "list",
      "provider": "provider.digitalocean",
      "instances": [
        {
          "index_key": 0,
          "schema_version": 1,
          "attributes": {
            "backups": false,
            "disk": 30,
            "id": "159947718",
            "image": "ubuntu-18-04-x64",
            "ipv4_address": "104.248.194.100",
            "ipv4_address_private": "",
            "ipv6": false,
            "ipv6_address": "",
            "ipv6_address_private": null,
            "locked": false,
            "memory": 1024,
            "monitoring": false,
            "name": "appserver0",
            "price_hourly": 0.01488,
            "price_monthly": 10,
            "private_networking": false,
            "region": "ams3",
            "resize_disk": true,
            "size": "1gb",
            "ssh_keys": [
              "41:d9:ad:ba:e0:32:73:58:4f:09:28:15:f2:1d:ae:4f"
            ],
            "status": "active",
            "tags": [],
            "urn": "do:droplet:159947718",
            "user_data": null,
            "vcpus": 1,
            "volume_ids": []
          }
        },
        {
          "index_key": 1,
          "schema_version": 1,
          "attributes": {
            "backups": false,
            "disk": 30,
            "id": "159947719",
            "image": "ubuntu-18-04-x64",
            "ipv4_address": "104.248.204.222",
            "ipv4_address_private": "",
            "ipv6": false,
            "ipv6_address": "",
            "ipv6_address_private": null,
            "locked": false,
            "memory": 1024,
            "monitoring": false,
            "name": "appserver1",
            "price_hourly": 0.01488,
            "price_monthly": 10,
            "private_networking": false,
            "region": "ams3",
            "resize_disk": true,
            "size": "1gb",
            "ssh_keys": [
              "41:d9:ad:ba:e0:32:73:58:4f:09:28:15:f2:1d:ae:4f"
            ],
            "status": "active",
            "tags": [],
            "urn": "do:droplet:159947719",
            "user_data": null,
            "vcpus": 1,
            "volume_ids": []
          }
        }
      ]
    },
    {
      "mode": "managed",
      "type": "digitalocean_droplet",
      "name": "awxnodes",
      "each": "list",
      "provider": "provider.digitalocean",
      "instances": [
        {
          "index_key": 0,
          "schema_version": 1,
          "attributes": {
            "backups": false,
            "disk": 60,
            "id": "159947721",
            "image": "centos-7-x64",
            "ipv4_address": "104.248.204.202",
            "ipv4_address_private": "",
            "ipv6": false,
            "ipv6_address": "",
            "ipv6_address_private": null,
            "locked": false,
            "memory": 4096,
            "monitoring": false,
            "name": "awx0",
            "price_hourly": 0.05952,
            "price_monthly": 40,
            "private_networking": false,
            "region": "ams3",
            "resize_disk": true,
            "size": "4gb",
            "ssh_keys": [
              "41:d9:ad:ba:e0:32:73:58:4f:09:28:15:f2:1d:ae:4f"
            ],
            "status": "active",
            "tags": [],
            "urn": "do:droplet:159947721",
            "user_data": null,
            "vcpus": 2,
            "volume_ids": []
          }
        }
      ]
    },
    {
      "mode": "managed",
      "type": "digitalocean_droplet",
      "name": "balancers",
      "each": "list",
      "provider": "provider.digitalocean",
      "instances": [
        {
          "index_key": 0,
          "schema_version": 1,
          "attributes": {
            "backups": false,
            "disk": 30,
            "id": "159947717",
            "image": "centos-7-x64",
            "ipv4_address": "104.248.202.47",
            "ipv4_address_private": "",
            "ipv6": false,
            "ipv6_address": "",
            "ipv6_address_private": null,
            "locked": false,
            "memory": 1024,
            "monitoring": false,
            "name": "balancer0",
            "price_hourly": 0.01488,
            "price_monthly": 10,
            "private_networking": false,
            "region": "ams3",
            "resize_disk": true,
            "size": "1gb",
            "ssh_keys": [
              "41:d9:ad:ba:e0:32:73:58:4f:09:28:15:f2:1d:ae:4f"
            ],
            "status": "active",
            "tags": [],
            "urn": "do:droplet:159947717",
            "user_data": null,
            "vcpus": 1,
            "volume_ids": []
          }
        }
      ]
    }
  ]
}
